
Microsoft Visual Studio Solution File, Format Version 12.00
# Visual Studio 14
VisualStudioVersion = 14.0.23107.0
MinimumVisualStudioVersion = 10.0.40219.1
Project("{FAE04EC0-301F-11D3-BF4B-00C04F79EFBC}") = "GITCUCLIENT", "GITCUCLIENT\GITCUCLIENT.csproj", "{B77C8031-648F-4BDE-84BA-310E7FFD5172}"
EndProject
Global
	GlobalSection(SolutionConfigurationPlatforms) = preSolution
		Debug|Any CPU = Debug|Any CPU
		Release|Any CPU = Release|Any CPU
	EndGlobalSection
	GlobalSection(ProjectConfigurationPlatforms) = postSolution
		{B77C8031-648F-4BDE-84BA-310E7FFD5172}.Debug|Any CPU.ActiveCfg = Debug|Any CPU
		{B77C8031-648F-4BDE-84BA-310E7FFD5172}.Debug|Any CPU.Build.0 = Debug|Any CPU
		{B77C8031-648F-4BDE-84BA-310E7FFD5172}.Release|Any CPU.ActiveCfg = Release|Any CPU
		{B77C8031-648F-4BDE-84BA-310E7FFD5172}.Release|Any CPU.Build.0 = Release|Any CPU
	EndGlobalSection
	GlobalSection(SolutionProperties) = preSolution
		HideSolutionNode = FALSE
	EndGlobalSection
EndGlobal
